
Microsoft Visual Studio Solution File, Format Version 12.00
# Visual Studio Version 16
VisualStudioVersion = 16.0.30128.74
MinimumVisualStudioVersion = 10.0.40219.1
Project("{FAE04EC0-301F-11D3-BF4B-00C04F79EFBC}") = "ClinicManagementSystem", "ClinicManagementSystem\ClinicManagementSystem.csproj", "{FE06859B-CC75-4AB3-8D24-3284BC6ACDB7}"
EndProject
Global
	GlobalSection(SolutionConfigurationPlatforms) = preSolution
		Debug|Any CPU = Debug|Any CPU
		Release|Any CPU = Release|Any CPU
	EndGlobalSection
	GlobalSection(ProjectConfigurationPlatforms) = postSolution
		{FE06859B-CC75-4AB3-8D24-3284BC6ACDB7}.Debug|Any CPU.ActiveCfg = Debug|Any CPU
		{FE06859B-CC75-4AB3-8D24-3284BC6ACDB7}.Debug|Any CPU.Build.0 = Debug|Any CPU
		{FE06859B-CC75-4AB3-8D24-3284BC6ACDB7}.Release|Any CPU.ActiveCfg = Release|Any CPU
		{FE06859B-CC75-4AB3-8D24-3284BC6ACDB7}.Release|Any CPU.Build.0 = Release|Any CPU
	EndGlobalSection
	GlobalSection(SolutionProperties) = preSolution
		HideSolutionNode = FALSE
	EndGlobalSection
	GlobalSection(ExtensibilityGlobals) = postSolution
		SolutionGuid = {2C515CE8-CB04-42D5-AD66-2AF8DCB4D639}
	EndGlobalSection
EndGlobal
